{
  "nodes": {
    "flake-utils": {
      "inputs": {
        "systems": "systems"
      },
      "locked": {
        "lastModified": 1731533236,
        "narHash": "sha256-l0KFg5HjrsfsO/JpG+r7fRrqm12kzFHyUHqHCVpMMbI=",
        "owner": "numtide",
        "repo": "flake-utils",
        "rev": "11707dc2f618dd54ca8739b309ec4fc024de578b",
        "type": "github"
      },
      "original": {
        "owner": "numtide",
        "repo": "flake-utils",
        "type": "github"
      }
    },
    "nixpkgs": {
      "locked": {
        "lastModified": 1781627195,
        "narHash": "sha256-OP86ZCXPkrawlM7LjOkwB5BibO+6QsF1zXUozXTptGQ=",
        "owner": "NixOS",
        "repo": "nixpkgs",
        "rev": "396db24758a065c6aa0900fff07e1bfcf1715493",
        "type": "github"
      },
      "original": {
        "owner": "NixOS",
        "ref": "master",
        "repo": "nixpkgs",
        "type": "github"
      }
    },
    "packwiz": {
      "inputs": {
        "nixpkgs": [
          "nixpkgs"
        ]
      },
      "locked": {
        "lastModified": 1781366419,
        "narHash": "sha256-S4Pr0N4S3oi8PFxhtConuqIuvmfx90nUEdDO/vFKO54=",
        "owner": "evictedcucumber",
        "repo": "packwiz",
        "rev": "8648ca4f60488fcc5a5123a6c64f76b6f9c612df",
        "type": "github"
      },
      "original": {
        "owner": "evictedcucumber",
        "repo": "packwiz",
        "type": "github"
      }
    },
    "root": {
      "inputs": {
        "flake-utils": "flake-utils",
        "nixpkgs": "nixpkgs",
        "packwiz": "packwiz"
      }
    },
    "systems": {
      "locked": {
        "lastModified": 1681028828,
        "narHash": "sha256-Vy1rq5AaRuLzOxct8nz4T6wlgyUR7zLU309k9mBC768=",
        "owner": "nix-systems",
        "repo": "default",
        "rev": "da67096a3b9bf56a91d16901293e51ba5b49a27e",
        "type": "github"
      },
      "original": {
        "owner": "nix-systems",
        "repo": "default",
        "type": "github"
      }
    }
  },
  "root": "root",
  "version": 7
}
